<?xml version="1.0" encoding="utf-8"?>
<Project ToolsVersion="4.0" xmlns="http://schemas.microsoft.com/developer/msbuild/2003">
  <ItemGroup>
    <Filter Include="Source Files">
      <UniqueIdentifier>{4FC737F1-C7A5-4376-A066-2A32D752A2FF}</UniqueIdentifier>
      <Extensions>cpp;c;cc;cxx;def;odl;idl;hpj;bat;asm;asmx</Extensions>
    </Filter>
    <Filter Include="Source Files\Actor">
      <UniqueIdentifier>{4a405b17-15f1-46de-8253-f35d14eb1148}</UniqueIdentifier>
    </Filter>
    <Filter Include="Source Files\Materials">
      <UniqueIdentifier>{83317b3e-73eb-47ba-92da-b44fcdaa8252}</UniqueIdentifier>
    </Filter>
    <Filter Include="Source Files\Scene">
      <UniqueIdentifier>{d0bd747d-f61a-40e1-9da8-9cedb6bb0323}</UniqueIdentifier>
    </Filter>
  </ItemGroup>
  <ItemGroup>
    <ClCompile Include="Actor\Actor.cpp">
      <Filter>Source Files\Actor</Filter>
    </ClCompile>
    <ClCompile Include="Materials\Material_Basic.cpp">
      <Filter>Source Files\Materials</Filter>
    </ClCompile>
    <ClCompile Include="Materials\MaterialManager.cpp">
      <Filter>Source Files\Materials</Filter>
    </ClCompile>
    <ClCompile Include="HPTimer.cpp">
      <Filter>Source Files</Filter>
    </ClCompile>
    <ClCompile Include="Scene\Box.cpp">
      <Filter>Source Files\Scene</Filter>
    </ClCompile>
    <ClCompile Include="Scene\Camera.cpp">
      <Filter>Source Files\Scene</Filter>
    </ClCompile>
    <ClCompile Include="Scene\Rectangle.cpp">
      <Filter>Source Files\Scene</Filter>
    </ClCompile>
    <ClCompile Include="Scene\Scene.cpp">
      <Filter>Source Files\Scene</Filter>
    </ClCompile>
    <ClCompile Include="Scene\Water.cpp">
      <Filter>Source Files\Scene</Filter>
    </ClCompile>
    <ClCompile Include="GameEngine.cpp">
      <Filter>Source Files</Filter>
    </ClCompile>
  </ItemGroup>
  <ItemGroup>
    <ClInclude Include="Actor\Actor.h">
      <Filter>Source Files\Actor</Filter>
    </ClInclude>
    <ClInclude Include="Materials\Material_Basic.h">
      <Filter>Source Files\Materials</Filter>
    </ClInclude>
    <ClInclude Include="Materials\MaterialManager.h">
      <Filter>Source Files\Materials</Filter>
    </ClInclude>
    <ClInclude Include="HPTimer.h">
      <Filter>Source Files</Filter>
    </ClInclude>
    <ClInclude Include="Scene\Box.h">
      <Filter>Source Files\Scene</Filter>
    </ClInclude>
    <ClInclude Include="Scene\Camera.h">
      <Filter>Source Files\Scene</Filter>
    </ClInclude>
    <ClInclude Include="Scene\Rectangle.h">
      <Filter>Source Files\Scene</Filter>
    </ClInclude>
    <ClInclude Include="Scene\Scene.h">
      <Filter>Source Files\Scene</Filter>
    </ClInclude>
    <ClInclude Include="Scene\Water.h">
      <Filter>Source Files\Scene</Filter>
    </ClInclude>
    <ClInclude Include="GameEngine.h">
      <Filter>Source Files</Filter>
    </ClInclude>
  </ItemGroup>
</Project>