<?xml version="1.0" encoding="utf-8"?>
<Project ToolsVersion="4.0" xmlns="http://schemas.microsoft.com/developer/msbuild/2003">
  <ItemGroup>
    <Filter Include="Source Files">
      <UniqueIdentifier>{4FC737F1-C7A5-4376-A066-2A32D752A2FF}</UniqueIdentifier>
      <Extensions>cpp;c;cc;cxx;def;odl;idl;hpj;bat;asm;asmx</Extensions>
    </Filter>
    <Filter Include="Source Files\Actor">
      <UniqueIdentifier>{6900b91a-28c5-461d-8ed3-33d1c0f76546}</UniqueIdentifier>
    </Filter>
    <Filter Include="Source Files\Scene">
      <UniqueIdentifier>{8b12410b-6290-4052-aafb-f3577b096dc6}</UniqueIdentifier>
    </Filter>
  </ItemGroup>
  <ItemGroup>
    <ClCompile Include="GameEngine.cpp">
      <Filter>Source Files</Filter>
    </ClCompile>
    <ClCompile Include="HPTimer.cpp">
      <Filter>Source Files</Filter>
    </ClCompile>
    <ClCompile Include="Actor\Actor.cpp">
      <Filter>Source Files\Actor</Filter>
    </ClCompile>
    <ClCompile Include="Scene\Camera.cpp">
      <Filter>Source Files\Scene</Filter>
    </ClCompile>
    <ClCompile Include="Scene\Scene.cpp">
      <Filter>Source Files</Filter>
    </ClCompile>
    <ClCompile Include="Scene\Water.cpp">
      <Filter>Source Files</Filter>
    </ClCompile>
    <ClCompile Include="Scene\Box.cpp">
      <Filter>Source Files</Filter>
    </ClCompile>
    <ClCompile Include="Materials\MaterialManager.cpp">
      <Filter>Source Files</Filter>
    </ClCompile>
    <ClCompile Include="Materials\Material_Basic.cpp">
      <Filter>Source Files</Filter>
    </ClCompile>
    <ClCompile Include="Scene\Rectangle.cpp">
      <Filter>Source Files</Filter>
    </ClCompile>
  </ItemGroup>
  <ItemGroup>
    <ClInclude Include="GameEngine.h">
      <Filter>Source Files</Filter>
    </ClInclude>
    <ClInclude Include="HPTimer.h">
      <Filter>Source Files</Filter>
    </ClInclude>
    <ClInclude Include="Actor\Actor.h">
      <Filter>Source Files\Actor</Filter>
    </ClInclude>
    <ClInclude Include="Scene\Camera.h">
      <Filter>Source Files\Scene</Filter>
    </ClInclude>
    <ClInclude Include="Scene\Scene.h" />
    <ClInclude Include="Scene\Water.h" />
    <ClInclude Include="Scene\Box.h" />
    <ClInclude Include="Renderer\VertexDefines.h" />
    <ClInclude Include="Renderer\Material.h" />
    <ClInclude Include="Materials\MaterialManager.h" />
    <ClInclude Include="Materials\Material_Basic.h" />
    <ClInclude Include="Scene\Rectangle.h" />
  </ItemGroup>
  <ItemGroup>
    <FxCompile Include="Materials\Shaders\PixelShaders\BasicShader_ps.hlsl" />
    <FxCompile Include="Materials\Shaders\VertexShaders\BasicShader_vs.hlsl" />
  </ItemGroup>
</Project>